version = 1
revision = 3
requires-python = "==3.13.*"

[[package]]
name = "annotated-types"
version = "0.7.0"
source = { registry = "https://pypi.org/simple" }
sdist = { url = "https://files.pythonhosted.org/packages/ee/67/531ea369ba64dcff5ec9c3402f9f51bf748cec26dde048a2f973a4eea7f5/annotated_types-0.7.0.tar.gz", hash = "sha256:aff07c09a53a08bc8cfccb9c85b05f1aa9a2a6f23728d790723543408344ce89", size = 16081, upload-time = "2024-05-20T21:33:25.928Z" }
wheels = [
    { url = "https://files.pythonhosted.org/packages/78/b6/6307fbef88d9b5ee7421e68d78a9f162e0da4900bc5f5793f6d3d0e34fb8/annotated_types-0.7.0-py3-none-any.whl", hash = "sha256:1f02e8b43a8fbbc3f3e0d4f0f4bfc8131bcb4eebe8849b8e5c773f3a1c582a53", size = 13643, upload-time = "2024-05-20T21:33:24.1Z" },
]

[[package]]
name = "anyio"
version = "4.14.2"
source = { registry = "https://pypi.org/simple" }
dependencies = [
    { name = "idna" },
]
sdist = { url = "https://files.pythonhosted.org/packages/61/cc/a381afa6efea9f496eff839d4a6a1aed3bfafc7b3ab4b0d1b243a12573dd/anyio-4.14.2.tar.gz", hash = "sha256:cfa139f3ed1a23ee8f88a145ddb5ac7605b8bbfd8592baacd7ce3d8bb4313c7f", size = 260176, upload-time = "2026-07-12T20:29:07.082Z" }
wheels = [
    { url = "https://files.pythonhosted.org/packages/da/35/f2287558c17e29fafc8ef3daf819bb9834061cfa43bff8014f7df7f63bdc/anyio-4.14.2-py3-none-any.whl", hash = "sha256:9f505dda5ac9f0c8309b5e8bd445a8c2bf7246f3ce950121e45ea15bc41d1494", size = 125813, upload-time = "2026-07-12T20:29:05.763Z" },
]

[[package]]
name = "certifi"
version = "2026.6.17"
source = { registry = "https://pypi.org/simple" }
sdist = { url = "https://files.pythonhosted.org/packages/c9/c7/424b75da314c1045981bd9777432fad05a9e0c69daa4ed7e308bbaffe405/certifi-2026.6.17.tar.gz", hash = "sha256:024c88eeec92ca068db80f02b8b07c9cef7b9fe261d1d535abfd5abd6f6af432", size = 134594, upload-time = "2026-06-17T10:31:07.894Z" }
wheels = [
    { url = "https://files.pythonhosted.org/packages/ef/2f/c5464532e965badff2f4c4c1a3a83f5697f0d7c407ed0cda44aaa99bb451/certifi-2026.6.17-py3-none-any.whl", hash = "sha256:2227dcbaafe0d2f59279d1762ddddc37783ed4354594f194ffc31d20f41fc3db", size = 133289, upload-time = "2026-06-17T10:31:06.348Z" },
]

[[package]]
name = "click"
version = "8.4.2"
source = { registry = "https://pypi.org/simple" }
dependencies = [
    { name = "colorama", marker = "sys_platform == 'win32'" },
]
sdist = { url = "https://files.pythonhosted.org/packages/76/d4/81420972a676e8ffea40450d8c8c92943e7218a78fe9b64359836cc9876b/click-8.4.2.tar.gz", hash = "sha256:9a6cea6e60b17ebe0a44c5cc636d94f09bd66142c1cd7d8b4cd731c4917a15f6", size = 338000, upload-time = "2026-06-24T17:45:15.148Z" }
wheels = [
    { url = "https://files.pythonhosted.org/packages/fb/e2/79c688af8b210d232694e31e59da9f6ec747bae31c3f5946e4e9b98860d5/click-8.4.2-py3-none-any.whl", hash = "sha256:e6f9f66136c816745b9d65817da91d61d957fb16e02e4dcd0552553c5a197b76", size = 119243, upload-time = "2026-06-24T17:45:13.73Z" },
]

[[package]]
name = "colorama"
version = "0.4.6"
source = { registry = "https://pypi.org/simple" }
sdist = { url = "https://files.pythonhosted.org/packages/d8/53/6f443c9a4a8358a93a6792e2acffb9d9d5cb0a5cfd8802644b7b1c9a02e4/colorama-0.4.6.tar.gz", hash = "sha256:08695f5cb7ed6e0531a20572697297273c47b8cae5a63ffc6d6ed5c201be6e44", size = 27697, upload-time = "2022-10-25T02:36:22.414Z" }
wheels = [
    { url = "https://files.pythonhosted.org/packages/d1/d6/3965ed04c63042e047cb6a3e6ed1a63a35087b6a609aa3a15ed8ac56c221/colorama-0.4.6-py2.py3-none-any.whl", hash = "sha256:4f1d9991f5acc0ca119f9d443620b77f9d6b33703e51011c16baf57afb285fc6", size = 25335, upload-time = "2022-10-25T02:36:20.889Z" },
]

[[package]]
name = "coverage"
version = "7.15.2"
source = { registry = "https://pypi.org/simple" }
sdist = { url = "https://files.pythonhosted.org/packages/76/d0/55fe630f4cf94e3fcba868240fad8c8cdd1f764e2a932f8926347e6ec4cd/coverage-7.15.2.tar.gz", hash = "sha256:3df60dc267f0a2ca23cb7a9ab1109c62b9335ffbf519fcfe167157c28c09b81d", size = 927741, upload-time = "2026-07-15T18:56:19.558Z" }
wheels = [
    { url = "https://files.pythonhosted.org/packages/fc/d5/f8c838e6b7282976f7c918884b792df7a0c42c5bba5d99c60ad2d221d56d/coverage-7.15.2-cp313-cp313-macosx_10_13_x86_64.whl", hash = "sha256:1121caa19159a38b5463eaae4b1e1fde81e525b15ecc5e000cd5b1a108f743a8", size = 221606, upload-time = "2026-07-15T18:54:45.448Z" },
    { url = "https://files.pythonhosted.org/packages/bf/37/97c926376364f66298cc44893b89cdf17b8bc406376497c4061ae4b8a8ff/coverage-7.15.2-cp313-cp313-macosx_11_0_arm64.whl", hash = "sha256:a300c6934e0989c327b9e8a1e110329da4641149f872bbe9f70168be66da76c1", size = 221982, upload-time = "2026-07-15T18:54:47.341Z" },
    { url = "https://files.pythonhosted.org/packages/b7/30/a36050a6e83c2135ee0776f452ca3948224befc6d7f26acecc082d0c106a/coverage-7.15.2-cp313-cp313-manylinux1_i686.manylinux_2_28_i686.manylinux_2_5_i686.whl", hash = "sha256:2617f8799d268fabdeef42a7e89ac3a23e1deee9025427db2df970f99a89a578", size = 252972, upload-time = "2026-07-15T18:54:49.2Z" },
    { url = "https://files.pythonhosted.org/packages/31/d3/06b5f1daf95f0f15ab05bd75f26ba5f3c8b33d0bb72f3aaa3cf41d1bad3a/coverage-7.15.2-cp313-cp313-manylinux1_x86_64.manylinux_2_28_x86_64.manylinux_2_5_x86_64.whl", hash = "sha256:7dc2950a2992cd676d35c20ae63522836deeb034f08874699d14068710af3dc1", size = 255569, upload-time = "2026-07-15T18:54:51.098Z" },
    { url = "https://files.pythonhosted.org/packages/81/1c/9afb3f8de2b8d36960391c48559a2e3ff96594b58099f115921549ea8d0d/coverage-7.15.2-cp313-cp313-manylinux2014_aarch64.manylinux_2_17_aarch64.manylinux_2_28_aarch64.whl", hash = "sha256:9e36686f7a442185db2400b3df171aac520869faf9deb59df687d28659eda2a6", size = 256806, upload-time = "2026-07-15T18:54:53.145Z" },
    { url = "https://files.pythonhosted.org/packages/64/d8/b989f96061a5e32d82fddd1b1b9ff48a7c8f8ae7606f0e80fd9de54b1e33/coverage-7.15.2-cp313-cp313-manylinux2014_ppc64le.manylinux_2_17_ppc64le.manylinux_2_28_ppc64le.whl", hash = "sha256:7d29ca7bd67af6e12e74632d65f026eabc1364da5c254494cd914446a28a3ef7", size = 258936, upload-time = "2026-07-15T18:54:55.015Z" },
    { url = "https://files.pythonhosted.org/packages/b8/fa/f99771f5110457c7b511c1935ca49ddf288218eaa84322e028b9334146ae/coverage-7.15.2-cp313-cp313-manylinux_2_31_riscv64.manylinux_2_39_riscv64.whl", hash = "sha256:db9c8438057e5b0f6a22a0af99c0c1d26b57fbbdbd1be5861ddb8f897fcc3a2d", size = 253178, upload-time = "2026-07-15T18:54:57.527Z" },
    { url = "https://files.pythonhosted.org/packages/f6/96/c098a6044d119c751ceede7be91035fa8310170ec24a6523aff72f0a5793/coverage-7.15.2-cp313-cp313-musllinux_1_2_aarch64.whl", hash = "sha256:63022c4c8dec1d0342f05c3ede99842fe3d007689acc45e86f123a1746e4a026", size = 254934, upload-time = "2026-07-15T18:54:59.41Z" },
    { url = "https://files.pythonhosted.org/packages/b2/a2/1457b3a7a50c8d77500103b97a046db863e2f59a1cf6d2f814595f349885/coverage-7.15.2-cp313-cp313-musllinux_1_2_i686.whl", hash = "sha256:6c0be82b4d4aa5b2704e08518e2252f3e3d110164bcca826816801052e48a7aa", size = 252898, upload-time = "2026-07-15T18:55:01.338Z" },
    { url = "https://files.pythonhosted.org/packages/6c/0e/76958874c471ecfcdde0d2b2747bb2c61bdbf34a40636f4ce9db9923e643/coverage-7.15.2-cp313-cp313-musllinux_1_2_ppc64le.whl", hash = "sha256:4510fb9cdf6bb02dfa6af0be4a534b8102d086e22e4a33f8836df663da3d660d", size = 257056, upload-time = "2026-07-15T18:55:03.243Z" },
    { url = "https://files.pythonhosted.org/packages/7c/7c/3d7c4e3bf58baa40327dc7edc2272b17cf02299366d52763db1b0ca1556a/coverage-7.15.2-cp313-cp313-musllinux_1_2_riscv64.whl", hash = "sha256:42ec3d989421b174a2ab607c1539f24127ad362757b7f1c0c0d7a2993f7eb37b", size = 252718, upload-time = "2026-07-15T18:55:05.029Z" },
    { url = "https://files.pythonhosted.org/packages/c8/b8/1cecffed9ce14fb25be9ba42d37b6bb61485c9a3ddd43cd3dde36b6087d8/coverage-7.15.2-cp313-cp313-musllinux_1_2_x86_64.whl", hash = "sha256:e8f91bce78e32343af184c3b7fa28fcf5a9e2641f4b6623d392038f804939188", size = 254490, upload-time = "2026-07-15T18:55:06.889Z" },
    { url = "https://files.pythonhosted.org/packages/6c/2c/42984561bc7f4c045dca67516a0c50ee5ef8d84352dbeb5559dc86c4823e/coverage-7.15.2-cp313-cp313-win32.whl", hash = "sha256:434e68d531858205895eb0d74b73d20b84260de426387d53c422a5acda2cf050", size = 223647, upload-time = "2026-07-15T18:55:08.941Z" },
    { url = "https://files.pythonhosted.org/packages/41/9f/39c7c9245efc583beddf89a87683574e663ed93637f3afb6cd7b88405676/coverage-7.15.2-cp313-cp313-win_amd64.whl", hash = "sha256:26c3b04a6377fd7c09800921fa934e3a17c0020439cd59df73e73ae1d4b6a78c", size = 224190, upload-time = "2026-07-15T18:55:10.789Z" },
    { url = "https://files.pythonhosted.org/packages/c7/de/3a2883cf8a213659280ef4b403059e17a9acaeb7fc7fd4105e1226ff2e6d/coverage-7.15.2-cp313-cp313-win_arm64.whl", hash = "sha256:3ed010aa1b69cda8e827aabfca9866216c980e2dca82ab9a78c5f83689964c8b", size = 223583, upload-time = "2026-07-15T18:55:12.678Z" },
    { url = "https://files.pythonhosted.org/packages/ec/82/32e3bd191d498e64f6f911ad55d14006a0861e54869d2d32452326399e65/coverage-7.15.2-py3-none-any.whl", hash = "sha256:eb6bcae8d1a9d305351ecb108232441d11c5cfe9de840a04388ba5d2db8d735c", size = 213375, upload-time = "2026-07-15T18:56:17.305Z" },
]

[[package]]
name = "ghost-audience-eval"
version = "0.1.0"
source = { editable = "." }
dependencies = [
    { name = "httpx" },
    { name = "pydantic" },
    { name = "rich" },
    { name = "typer" },
]

[package.dev-dependencies]
dev = [
    { name = "hypothesis" },
    { name = "mypy" },
    { name = "pytest" },
    { name = "pytest-cov" },
    { name = "respx" },
    { name = "ruff" },
]

[package.metadata]
requires-dist = [
    { name = "httpx", specifier = "==0.28.1" },
    { name = "pydantic", specifier = "==2.12.5" },
    { name = "rich", specifier = "==14.3.3" },
    { name = "typer", specifier = "==0.21.0" },
]

[package.metadata.requires-dev]
dev = [
    { name = "hypothesis", specifier = "==6.151.9" },
    { name = "mypy", specifier = "==1.19.1" },
    { name = "pytest", specifier = "==9.0.2" },
    { name = "pytest-cov", specifier = "==7.0.0" },
    { name = "respx", specifier = "==0.22.0" },
    { name = "ruff", specifier = "==0.15.7" },
]

[[package]]
name = "h11"
version = "0.16.0"
source = { registry = "https://pypi.org/simple" }
sdist = { url = "https://files.pythonhosted.org/packages/01/ee/02a2c011bdab74c6fb3c75474d40b3052059d95df7e73351460c8588d963/h11-0.16.0.tar.gz", hash = "sha256:4e35b956cf45792e4caa5885e69fba00bdbc6ffafbfa020300e549b208ee5ff1", size = 101250, upload-time = "2025-04-24T03:35:25.427Z" }
wheels = [
    { url = "https://files.pythonhosted.org/packages/04/4b/29cac41a4d98d144bf5f6d33995617b185d14b22401f75ca86f384e87ff1/h11-0.16.0-py3-none-any.whl", hash = "sha256:63cf8bbe7522de3bf65932fda1d9c2772064ffb3dae62d55932da54b31cb6c86", size = 37515, upload-time = "2025-04-24T03:35:24.344Z" },
]

[[package]]
name = "httpcore"
version = "1.0.9"
source = { registry = "https://pypi.org/simple" }
dependencies = [
    { name = "certifi" },
    { name = "h11" },
]
sdist = { url = "https://files.pythonhosted.org/packages/06/94/82699a10bca87a5556c9c59b5963f2d039dbd239f25bc2a63907a05a14cb/httpcore-1.0.9.tar.gz", hash = "sha256:6e34463af53fd2ab5d807f399a9b45ea31c3dfa2276f15a2c3f00afff6e176e8", size = 85484, upload-time = "2025-04-24T22:06:22.219Z" }
wheels = [
    { url = "https://files.pythonhosted.org/packages/7e/f5/f66802a942d491edb555dd61e3a9961140fd64c90bce1eafd741609d334d/httpcore-1.0.9-py3-none-any.whl", hash = "sha256:2d400746a40668fc9dec9810239072b40b4484b640a8c38fd654a024c7a1bf55", size = 78784, upload-time = "2025-04-24T22:06:20.566Z" },
]

[[package]]
name = "httpx"
version = "0.28.1"
source = { registry = "https://pypi.org/simple" }
dependencies = [
    { name = "anyio" },
    { name = "certifi" },
    { name = "httpcore" },
    { name = "idna" },
]
sdist = { url = "https://files.pythonhosted.org/packages/b1/df/48c586a5fe32a0f01324ee087459e112ebb7224f646c0b5023f5e79e9956/httpx-0.28.1.tar.gz", hash = "sha256:75e98c5f16b0f35b567856f597f06ff2270a374470a5c2392242528e3e3e42fc", size = 141406, upload-time = "2024-12-06T15:37:23.222Z" }
wheels = [
    { url = "https://files.pythonhosted.org/packages/2a/39/e50c7c3a983047577ee07d2a9e53faf5a69493943ec3f6a384bdc792deb2/httpx-0.28.1-py3-none-any.whl", hash = "sha256:d909fcccc110f8c7faf814ca82a9a4d816bc5a6dbfea25d6591d6985b8ba59ad", size = 73517, upload-time = "2024-12-06T15:37:21.509Z" },
]

[[package]]
name = "hypothesis"
version = "6.151.9"
source = { registry = "https://pypi.org/simple" }
dependencies = [
    { name = "sortedcontainers" },
]
sdist = { url = "https://files.pythonhosted.org/packages/19/e1/ef365ff480903b929d28e057f57b76cae51a30375943e33374ec9a165d9c/hypothesis-6.151.9.tar.gz", hash = "sha256:2f284428dda6c3c48c580de0e18470ff9c7f5ef628a647ee8002f38c3f9097ca", size = 463534, upload-time = "2026-02-16T22:59:23.09Z" }
wheels = [
    { url = "https://files.pythonhosted.org/packages/c4/f7/5cc291d701094754a1d327b44d80a44971e13962881d9a400235726171da/hypothesis-6.151.9-py3-none-any.whl", hash = "sha256:7b7220585c67759b1b1ef839b1e6e9e3d82ed468cfc1ece43c67184848d7edd9", size = 529307, upload-time = "2026-02-16T22:59:20.443Z" },
]

[[package]]
name = "idna"
version = "3.18"
source = { registry = "https://pypi.org/simple" }
sdist = { url = "https://files.pythonhosted.org/packages/cd/63/9496c57188a2ee585e0f1db071d75089a11e98aa86eb99d9d7618fc1edce/idna-3.18.tar.gz", hash = "sha256:ffb385a7e039654cef1ab9ef32c6fafe283c0c0467bba1d9029738ce4a14a848", size = 196711, upload-time = "2026-06-02T14:34:07.794Z" }
wheels = [
    { url = "https://files.pythonhosted.org/packages/1e/5e/d4e9f1a599fb8e573b7b87160658329fbf28d19eac2718f51fc3def3aa5a/idna-3.18-py3-none-any.whl", hash = "sha256:7f952cbe720b688055e3f87de14f5c3e5fdaa8bc3928985c4077ca689de849a2", size = 65455, upload-time = "2026-06-02T14:34:06.319Z" },
]

[[package]]
name = "iniconfig"
version = "2.3.0"
source = { registry = "https://pypi.org/simple" }
sdist = { url = "https://files.pythonhosted.org/packages/72/34/14ca021ce8e5dfedc35312d08ba8bf51fdd999c576889fc2c24cb97f4f10/iniconfig-2.3.0.tar.gz", hash = "sha256:c76315c77db068650d49c5b56314774a7804df16fee4402c1f19d6d15d8c4730", size = 20503, upload-time = "2025-10-18T21:55:43.219Z" }
wheels = [
    { url = "https://files.pythonhosted.org/packages/cb/b1/3846dd7f199d53cb17f49cba7e651e9ce294d8497c8c150530ed11865bb8/iniconfig-2.3.0-py3-none-any.whl", hash = "sha256:f631c04d2c48c52b84d0d0549c99ff3859c98df65b3101406327ecc7d53fbf12", size = 7484, upload-time = "2025-10-18T21:55:41.639Z" },
]

[[package]]
name = "librt"
version = "0.13.0"
source = { registry = "https://pypi.org/simple" }
sdist = { url = "https://files.pythonhosted.org/packages/dc/2f/3908645ddddab7120b46295e541ead308109fa48dbec7d67d7a778870d60/librt-0.13.0.tar.gz", hash = "sha256:1d2a610c14ac0d0750ee0a3ab8548e83155258387891caaca04def4bf7289781", size = 211402, upload-time = "2026-07-08T12:26:29.834Z" }
wheels = [
    { url = "https://files.pythonhosted.org/packages/67/3b/18e7b63255297a2bdc9c25c8d6d4ca8eca9f63aceb1252c0f7427ac7099e/librt-0.13.0-cp313-cp313-macosx_10_13_x86_64.whl", hash = "sha256:a468951af16155824e88bdd8326ebe5bdb371f3ec0ac04642994b98201d914f3", size = 151027, upload-time = "2026-07-08T12:25:19.638Z" },
    { url = "https://files.pythonhosted.org/packages/4d/68/e2248452c00d1a03b45fee1752cdc8f790a476efd2402b75181da88a9e61/librt-0.13.0-cp313-cp313-macosx_11_0_arm64.whl", hash = "sha256:ae01d8512cc17079e53425635327dbf3f7ff57a42c00dec348bf79791c56444c", size = 155152, upload-time = "2026-07-08T12:25:20.851Z" },
    { url = "https://files.pythonhosted.org/packages/0e/16/52b1c99bf19057a062aac39c900cbb81499f6f75d6c537c14463d247ba78/librt-0.13.0-cp313-cp313-manylinux2014_aarch64.manylinux_2_17_aarch64.manylinux_2_28_aarch64.whl", hash = "sha256:32c26893cd085c1efe83219e78d866da23fb20a066101b8f68210004361d224c", size = 502499, upload-time = "2026-07-08T12:25:22.055Z" },
    { url = "https://files.pythonhosted.org/packages/9f/54/b811151805c795f55e0dedee6ec687b75f9982a8105d240ea3910737a77b/librt-0.13.0-cp313-cp313-manylinux2014_i686.manylinux_2_17_i686.manylinux_2_28_i686.whl", hash = "sha256:5929da1981a46bcf4b28b1b9499905f0ff58e2419da402a048234e9783acbc4b", size = 496108, upload-time = "2026-07-08T12:25:23.296Z" },
    { url = "https://files.pythonhosted.org/packages/8f/f8/094d6b2bd93f3fdaa54db54cc788c4a365333bddad65ab02e04da0b1d004/librt-0.13.0-cp313-cp313-manylinux2014_x86_64.manylinux_2_17_x86_64.manylinux_2_28_x86_64.whl", hash = "sha256:94b85d664d777bab6c0d709416cb42938251fda9e221b79e3a2215d85df5f4f9", size = 531576, upload-time = "2026-07-08T12:25:24.648Z" },
    { url = "https://files.pythonhosted.org/packages/2e/40/541733d5755824f968f7ec39d78ffbd75d145964157ae5e69a09ec6d7326/librt-0.13.0-cp313-cp313-manylinux_2_34_riscv64.manylinux_2_39_riscv64.whl", hash = "sha256:531b2df3e9fe96b1fcf73a6d165921e4656be5f58d631d384ebce344298368db", size = 524390, upload-time = "2026-07-08T12:25:25.898Z" },
    { url = "https://files.pythonhosted.org/packages/c6/b5/255673cfdbf5ba663339d36cd863c897289ab4337577e19f9405ce059f36/librt-0.13.0-cp313-cp313-musllinux_1_2_aarch64.whl", hash = "sha256:109b84a9edf69ad89dc1f66358659e14a031baca95e3e5b0060bd903ede8efd6", size = 543053, upload-time = "2026-07-08T12:25:27.436Z" },
    { url = "https://files.pythonhosted.org/packages/9e/11/ab5005e9c9850710f21e354201bf090646349d3fabf5f951eaf70235729e/librt-0.13.0-cp313-cp313-musllinux_1_2_i686.whl", hash = "sha256:1304368a3e7ffc3e9db986796cc5326fdb5943a3567ecc137cff318e4240c0e7", size = 546387, upload-time = "2026-07-08T12:25:28.65Z" },
    { url = "https://files.pythonhosted.org/packages/a2/04/a5d7ce1d1df1afd15ca283dcdf7530ac073e12d69ae8c40879dda96f7868/librt-0.13.0-cp313-cp313-musllinux_1_2_riscv64.whl", hash = "sha256:e4f9b472e7d308d94b62c801982065661158c6ed02790d6c7ddb4337cea0f9c1", size = 535970, upload-time = "2026-07-08T12:25:30.171Z" },
    { url = "https://files.pythonhosted.org/packages/5a/76/927e267a6daa290174ac281b23c9804c8829b042ade9c6f24a065f540958/librt-0.13.0-cp313-cp313-musllinux_1_2_x86_64.whl", hash = "sha256:9f836c37478f167a81200d8c8b2c920a22224564bed2c23d7aeec760965c367a", size = 573582, upload-time = "2026-07-08T12:25:31.507Z" },
    { url = "https://files.pythonhosted.org/packages/10/24/b6c5213efe39c19f9e13605644d0cf063b4ddaa33ac2e45b088e23a70e2e/librt-0.13.0-cp313-cp313-pyemscripten_2025_0_wasm32.whl", hash = "sha256:4000d961ff9598ac6ea603c6c836a5ed49bc205ade5fc378b998dfe1e2c36628", size = 82189, upload-time = "2026-07-08T12:25:32.675Z" },
    { url = "https://files.pythonhosted.org/packages/4c/00/d29736be177a906ac0b84a5b04b4fbfa22c776dc2f366de4172b0f968c08/librt-0.13.0-cp313-cp313-win32.whl", hash = "sha256:79e44cff71750d299d61a678e49995b0d5935a9cda238c2574daeca3ba536927", size = 106193, upload-time = "2026-07-08T12:25:33.692Z" },
    { url = "https://files.pythonhosted.org/packages/c8/ac/aff6fb45393cb8912f39dfb156ef6b2d1cadb207ff465fc8f66141054be8/librt-0.13.0-cp313-cp313-win_amd64.whl", hash = "sha256:54dab44a847d5ad1acd05c8a83fe518ae685516ecf4d3f7cc6e3df2a66767650", size = 126962, upload-time = "2026-07-08T12:25:34.769Z" },
    { url = "https://files.pythonhosted.org/packages/d9/3a/d68cb2b334d53fd30fac81d3a489ce4ba0d9506f4df43fcf676b68352b19/librt-0.13.0-cp313-cp313-win_arm64.whl", hash = "sha256:d4cb6fbfdf874340ab5e51450753c0f817b6958a3621125ee695bbc3de866566", size = 112127, upload-time = "2026-07-08T12:25:35.981Z" },
]

[[package]]
name = "markdown-it-py"
version = "4.2.0"
source = { registry = "https://pypi.org/simple" }
dependencies = [
    { name = "mdurl" },
]
sdist = { url = "https://files.pythonhosted.org/packages/06/ff/7841249c247aa650a76b9ee4bbaeae59370dc8bfd2f6c01f3630c35eb134/markdown_it_py-4.2.0.tar.gz", hash = "sha256:04a21681d6fbb623de53f6f364d352309d4094dd4194040a10fd51833e418d49", size = 82454, upload-time = "2026-05-07T12:08:28.36Z" }
wheels = [
    { url = "https://files.pythonhosted.org/packages/b3/81/4da04ced5a082363ecfa159c010d200ecbd959ae410c10c0264a38cac0f5/markdown_it_py-4.2.0-py3-none-any.whl", hash = "sha256:9f7ebbcd14fe59494226453aed97c1070d83f8d24b6fc3a3bcf9a38092641c4a", size = 91687, upload-time = "2026-05-07T12:08:27.182Z" },
]

[[package]]
name = "mdurl"
version = "0.1.2"
source = { registry = "https://pypi.org/simple" }
sdist = { url = "https://files.pythonhosted.org/packages/d6/54/cfe61301667036ec958cb99bd3efefba235e65cdeb9c84d24a8293ba1d90/mdurl-0.1.2.tar.gz", hash = "sha256:bb413d29f5eea38f31dd4754dd7377d4465116fb207585f97bf925588687c1ba", size = 8729, upload-time = "2022-08-14T12:40:10.846Z" }
wheels = [
    { url = "https://files.pythonhosted.org/packages/b3/38/89ba8ad64ae25be8de66a6d463314cf1eb366222074cfda9ee839c56a4b4/mdurl-0.1.2-py3-none-any.whl", hash = "sha256:84008a41e51615a49fc9966191ff91509e3c40b939176e643fd50a5c2196b8f8", size = 9979, upload-time = "2022-08-14T12:40:09.779Z" },
]

[[package]]
name = "mypy"
version = "1.19.1"
source = { registry = "https://pypi.org/simple" }
dependencies = [
    { name = "librt", marker = "platform_python_implementation != 'PyPy'" },
    { name = "mypy-extensions" },
    { name = "pathspec" },
    { name = "typing-extensions" },
]
sdist = { url = "https://files.pythonhosted.org/packages/f5/db/4efed9504bc01309ab9c2da7e352cc223569f05478012b5d9ece38fd44d2/mypy-1.19.1.tar.gz", hash = "sha256:19d88bb05303fe63f71dd2c6270daca27cb9401c4ca8255fe50d1d920e0eb9ba", size = 3582404, upload-time = "2025-12-15T05:03:48.42Z" }
wheels = [
    { url = "https://files.pythonhosted.org/packages/de/9f/a6abae693f7a0c697dbb435aac52e958dc8da44e92e08ba88d2e42326176/mypy-1.19.1-cp313-cp313-macosx_10_13_x86_64.whl", hash = "sha256:e3157c7594ff2ef1634ee058aafc56a82db665c9438fd41b390f3bde1ab12250", size = 13201927, upload-time = "2025-12-15T05:02:29.138Z" },
    { url = "https://files.pythonhosted.org/packages/9a/a4/45c35ccf6e1c65afc23a069f50e2c66f46bd3798cbe0d680c12d12935caa/mypy-1.19.1-cp313-cp313-macosx_11_0_arm64.whl", hash = "sha256:bdb12f69bcc02700c2b47e070238f42cb87f18c0bc1fc4cdb4fb2bc5fd7a3b8b", size = 12206730, upload-time = "2025-12-15T05:03:01.325Z" },
    { url = "https://files.pythonhosted.org/packages/05/bb/cdcf89678e26b187650512620eec8368fded4cfd99cfcb431e4cdfd19dec/mypy-1.19.1-cp313-cp313-manylinux2014_aarch64.manylinux_2_17_aarch64.manylinux_2_28_aarch64.whl", hash = "sha256:f859fb09d9583a985be9a493d5cfc5515b56b08f7447759a0c5deaf68d80506e", size = 12724581, upload-time = "2025-12-15T05:03:20.087Z" },
    { url = "https://files.pythonhosted.org/packages/d1/32/dd260d52babf67bad8e6770f8e1102021877ce0edea106e72df5626bb0ec/mypy-1.19.1-cp313-cp313-manylinux2014_x86_64.manylinux_2_17_x86_64.manylinux_2_28_x86_64.whl", hash = "sha256:c9a6538e0415310aad77cb94004ca6482330fece18036b5f360b62c45814c4ef", size = 13616252, upload-time = "2025-12-15T05:02:49.036Z" },
    { url = "https://files.pythonhosted.org/packages/71/d0/5e60a9d2e3bd48432ae2b454b7ef2b62a960ab51292b1eda2a95edd78198/mypy-1.19.1-cp313-cp313-musllinux_1_2_x86_64.whl", hash = "sha256:da4869fc5e7f62a88f3fe0b5c919d1d9f7ea3cef92d3689de2823fd27e40aa75", size = 13840848, upload-time = "2025-12-15T05:02:55.95Z" },
    { url = "https://files.pythonhosted.org/packages/98/76/d32051fa65ecf6cc8c6610956473abdc9b4c43301107476ac03559507843/mypy-1.19.1-cp313-cp313-win_amd64.whl", hash = "sha256:016f2246209095e8eda7538944daa1d60e1e8134d98983b9fc1e92c1fc0cb8dd", size = 10135510, upload-time = "2025-12-15T05:02:58.438Z" },
    { url = "https://files.pythonhosted.org/packages/8d/f4/4ce9a05ce5ded1de3ec1c1d96cf9f9504a04e54ce0ed55cfa38619a32b8d/mypy-1.19.1-py3-none-any.whl", hash = "sha256:f1235f5ea01b7db5468d53ece6aaddf1ad0b88d9e7462b86ef96fe04995d7247", size = 2471239, upload-time = "2025-12-15T05:03:07.248Z" },
]

[[package]]
name = "mypy-extensions"
version = "1.1.0"
source = { registry = "https://pypi.org/simple" }
sdist = { url = "https://files.pythonhosted.org/packages/a2/6e/371856a3fb9d31ca8dac321cda606860fa4548858c0cc45d9d1d4ca2628b/mypy_extensions-1.1.0.tar.gz", hash = "sha256:52e68efc3284861e772bbcd66823fde5ae21fd2fdb51c62a211403730b916558", size = 6343, upload-time = "2025-04-22T14:54:24.164Z" }
wheels = [
    { url = "https://files.pythonhosted.org/packages/79/7b/2c79738432f5c924bef5071f933bcc9efd0473bac3b4aa584a6f7c1c8df8/mypy_extensions-1.1.0-py3-none-any.whl", hash = "sha256:1be4cccdb0f2482337c4743e60421de3a356cd97508abadd57d47403e94f5505", size = 4963, upload-time = "2025-04-22T14:54:22.983Z" },
]

[[package]]
name = "packaging"
version = "26.2"
source = { registry = "https://pypi.org/simple" }
sdist = { url = "https://files.pythonhosted.org/packages/d7/f1/e7a6dd94a8d4a5626c03e4e99c87f241ba9e350cd9e6d75123f992427270/packaging-26.2.tar.gz", hash = "sha256:ff452ff5a3e828ce110190feff1178bb1f2ea2281fa2075aadb987c2fb221661", size = 228134, upload-time = "2026-04-24T20:15:23.917Z" }
wheels = [
    { url = "https://files.pythonhosted.org/packages/df/b2/87e62e8c3e2f4b32e5fe99e0b86d576da1312593b39f47d8ceef365e95ed/packaging-26.2-py3-none-any.whl", hash = "sha256:5fc45236b9446107ff2415ce77c807cee2862cb6fac22b8a73826d0693b0980e", size = 100195, upload-time = "2026-04-24T20:15:22.081Z" },
]

[[package]]
name = "pathspec"
version = "1.1.1"
source = { registry = "https://pypi.org/simple" }
sdist = { url = "https://files.pythonhosted.org/packages/5a/82/42f767fc1c1143d6fd36efb827202a2d997a375e160a71eb2888a925aac1/pathspec-1.1.1.tar.gz", hash = "sha256:17db5ecd524104a120e173814c90367a96a98d07c45b2e10c2f3919fff91bf5a", size = 135180, upload-time = "2026-04-27T01:46:08.907Z" }
wheels = [
    { url = "https://files.pythonhosted.org/packages/f1/d9/7fb5aa316bc299258e68c73ba3bddbc499654a07f151cba08f6153988714/pathspec-1.1.1-py3-none-any.whl", hash = "sha256:a00ce642f577bf7f473932318056212bc4f8bfdf53128c78bbd5af0b9b20b189", size = 57328, upload-time = "2026-04-27T01:46:07.06Z" },
]

[[package]]
name = "pluggy"
version = "1.6.0"
source = { registry = "https://pypi.org/simple" }
sdist = { url = "https://files.pythonhosted.org/packages/f9/e2/3e91f31a7d2b083fe6ef3fa267035b518369d9511ffab804f839851d2779/pluggy-1.6.0.tar.gz", hash = "sha256:7dcc130b76258d33b90f61b658791dede3486c3e6bfb003ee5c9bfb396dd22f3", size = 69412, upload-time = "2025-05-15T12:30:07.975Z" }
wheels = [
    { url = "https://files.pythonhosted.org/packages/54/20/4d324d65cc6d9205fabedc306948156824eb9f0ee1633355a8f7ec5c66bf/pluggy-1.6.0-py3-none-any.whl", hash = "sha256:e920276dd6813095e9377c0bc5566d94c932c33b27a3e3945d8389c374dd4746", size = 20538, upload-time = "2025-05-15T12:30:06.134Z" },
]

[[package]]
name = "pydantic"
version = "2.12.5"
source = { registry = "https://pypi.org/simple" }
dependencies = [
    { name = "annotated-types" },
    { name = "pydantic-core" },
    { name = "typing-extensions" },
    { name = "typing-inspection" },
]
sdist = { url = "https://files.pythonhosted.org/packages/69/44/36f1a6e523abc58ae5f928898e4aca2e0ea509b5aa6f6f392a5d882be928/pydantic-2.12.5.tar.gz", hash = "sha256:4d351024c75c0f085a9febbb665ce8c0c6ec5d30e903bdb6394b7ede26aebb49", size = 821591, upload-time = "2025-11-26T15:11:46.471Z" }
wheels = [
    { url = "https://files.pythonhosted.org/packages/5a/87/b70ad306ebb6f9b585f114d0ac2137d792b48be34d732d60e597c2f8465a/pydantic-2.12.5-py3-none-any.whl", hash = "sha256:e561593fccf61e8a20fc46dfc2dfe075b8be7d0188df33f221ad1f0139180f9d", size = 463580, upload-time = "2025-11-26T15:11:44.605Z" },
]

[[package]]
name = "pydantic-core"
version = "2.41.5"
source = { registry = "https://pypi.org/simple" }
dependencies = [
    { name = "typing-extensions" },
]
sdist = { url = "https://files.pythonhosted.org/packages/71/70/23b021c950c2addd24ec408e9ab05d59b035b39d97cdc1130e1bce647bb6/pydantic_core-2.41.5.tar.gz", hash = "sha256:08daa51ea16ad373ffd5e7606252cc32f07bc72b28284b6bc9c6df804816476e", size = 460952, upload-time = "2025-11-04T13:43:49.098Z" }
wheels = [
    { url = "https://files.pythonhosted.org/packages/87/06/8806241ff1f70d9939f9af039c6c35f2360cf16e93c2ca76f184e76b1564/pydantic_core-2.41.5-cp313-cp313-macosx_10_12_x86_64.whl", hash = "sha256:941103c9be18ac8daf7b7adca8228f8ed6bb7a1849020f643b3a14d15b1924d9", size = 2120403, upload-time = "2025-11-04T13:40:25.248Z" },
    { url = "https://files.pythonhosted.org/packages/94/02/abfa0e0bda67faa65fef1c84971c7e45928e108fe24333c81f3bfe35d5f5/pydantic_core-2.41.5-cp313-cp313-macosx_11_0_arm64.whl", hash = "sha256:112e305c3314f40c93998e567879e887a3160bb8689ef3d2c04b6cc62c33ac34", size = 1896206, upload-time = "2025-11-04T13:40:27.099Z" },
    { url = "https://files.pythonhosted.org/packages/15/df/a4c740c0943e93e6500f9eb23f4ca7ec9bf71b19e608ae5b579678c8d02f/pydantic_core-2.41.5-cp313-cp313-manylinux_2_17_aarch64.manylinux2014_aarch64.whl", hash = "sha256:0cbaad15cb0c90aa221d43c00e77bb33c93e8d36e0bf74760cd00e732d10a6a0", size = 1919307, upload-time = "2025-11-04T13:40:29.806Z" },
    { url = "https://files.pythonhosted.org/packages/9a/e3/6324802931ae1d123528988e0e86587c2072ac2e5394b4bc2bc34b61ff6e/pydantic_core-2.41.5-cp313-cp313-manylinux_2_17_armv7l.manylinux2014_armv7l.whl", hash = "sha256:03ca43e12fab6023fc79d28ca6b39b05f794ad08ec2feccc59a339b02f2b3d33", size = 2063258, upload-time = "2025-11-04T13:40:33.544Z" },
    { url = "https://files.pythonhosted.org/packages/c9/d4/2230d7151d4957dd79c3044ea26346c148c98fbf0ee6ebd41056f2d62ab5/pydantic_core-2.41.5-cp313-cp313-manylinux_2_17_ppc64le.manylinux2014_ppc64le.whl", hash = "sha256:dc799088c08fa04e43144b164feb0c13f9a0bc40503f8df3e9fde58a3c0c101e", size = 2214917, upload-time = "2025-11-04T13:40:35.479Z" },
    { url = "https://files.pythonhosted.org/packages/e6/9f/eaac5df17a3672fef0081b6c1bb0b82b33ee89aa5cec0d7b05f52fd4a1fa/pydantic_core-2.41.5-cp313-cp313-manylinux_2_17_s390x.manylinux2014_s390x.whl", hash = "sha256:97aeba56665b4c3235a0e52b2c2f5ae9cd071b8a8310ad27bddb3f7fb30e9aa2", size = 2332186, upload-time = "2025-11-04T13:40:37.436Z" },
    { url = "https://files.pythonhosted.org/packages/cf/4e/35a80cae583a37cf15604b44240e45c05e04e86f9cfd766623149297e971/pydantic_core-2.41.5-cp313-cp313-manylinux_2_17_x86_64.manylinux2014_x86_64.whl", hash = "sha256:406bf18d345822d6c21366031003612b9c77b3e29ffdb0f612367352aab7d586", size = 2073164, upload-time = "2025-11-04T13:40:40.289Z" },
    { url = "https://files.pythonhosted.org/packages/bf/e3/f6e262673c6140dd3305d144d032f7bd5f7497d3871c1428521f19f9efa2/pydantic_core-2.41.5-cp313-cp313-manylinux_2_5_i686.manylinux1_i686.whl", hash = "sha256:b93590ae81f7010dbe380cdeab6f515902ebcbefe0b9327cc4804d74e93ae69d", size = 2179146, upload-time = "2025-11-04T13:40:42.809Z" },
    { url = "https://files.pythonhosted.org/packages/75/c7/20bd7fc05f0c6ea2056a4565c6f36f8968c0924f19b7d97bbfea55780e73/pydantic_core-2.41.5-cp313-cp313-musllinux_1_1_aarch64.whl", hash = "sha256:01a3d0ab748ee531f4ea6c3e48ad9dac84ddba4b0d82291f87248f2f9de8d740", size = 2137788, upload-time = "2025-11-04T13:40:44.752Z" },
    { url = "https://files.pythonhosted.org/packages/3a/8d/34318ef985c45196e004bc46c6eab2eda437e744c124ef0dbe1ff2c9d06b/pydantic_core-2.41.5-cp313-cp313-musllinux_1_1_armv7l.whl", hash = "sha256:6561e94ba9dacc9c61bce40e2d6bdc3bfaa0259d3ff36ace3b1e6901936d2e3e", size = 2340133, upload-time = "2025-11-04T13:40:46.66Z" },
    { url = "https://files.pythonhosted.org/packages/9c/59/013626bf8c78a5a5d9350d12e7697d3d4de951a75565496abd40ccd46bee/pydantic_core-2.41.5-cp313-cp313-musllinux_1_1_x86_64.whl", hash = "sha256:915c3d10f81bec3a74fbd4faebe8391013ba61e5a1a8d48c4455b923bdda7858", size = 2324852, upload-time = "2025-11-04T13:40:48.575Z" },
    { url = "https://files.pythonhosted.org/packages/1a/d9/c248c103856f807ef70c18a4f986693a46a8ffe1602e5d361485da502d20/pydantic_core-2.41.5-cp313-cp313-win32.whl", hash = "sha256:650ae77860b45cfa6e2cdafc42618ceafab3a2d9a3811fcfbd3bbf8ac3c40d36", size = 1994679, upload-time = "2025-11-04T13:40:50.619Z" },
    { url = "https://files.pythonhosted.org/packages/9e/8b/341991b158ddab181cff136acd2552c9f35bd30380422a639c0671e99a91/pydantic_core-2.41.5-cp313-cp313-win_amd64.whl", hash = "sha256:79ec52ec461e99e13791ec6508c722742ad745571f234ea6255bed38c6480f11", size = 2019766, upload-time = "2025-11-04T13:40:52.631Z" },
    { url = "https://files.pythonhosted.org/packages/73/7d/f2f9db34af103bea3e09735bb40b021788a5e834c81eedb541991badf8f5/pydantic_core-2.41.5-cp313-cp313-win_arm64.whl", hash = "sha256:3f84d5c1b4ab906093bdc1ff10484838aca54ef08de4afa9de0f5f14d69639cd", size = 1981005, upload-time = "2025-11-04T13:40:54.734Z" },
]

[[package]]
name = "pygments"
version = "2.20.0"
source = { registry = "https://pypi.org/simple" }
sdist = { url = "https://files.pythonhosted.org/packages/c3/b2/bc9c9196916376152d655522fdcebac55e66de6603a76a02bca1b6414f6c/pygments-2.20.0.tar.gz", hash = "sha256:6757cd03768053ff99f3039c1a36d6c0aa0b263438fcab17520b30a303a82b5f", size = 4955991, upload-time = "2026-03-29T13:29:33.898Z" }
wheels = [
    { url = "https://files.pythonhosted.org/packages/f4/7e/a72dd26f3b0f4f2bf1dd8923c85f7ceb43172af56d63c7383eb62b332364/pygments-2.20.0-py3-none-any.whl", hash = "sha256:81a9e26dd42fd28a23a2d169d86d7ac03b46e2f8b59ed4698fb4785f946d0176", size = 1231151, upload-time = "2026-03-29T13:29:30.038Z" },
]

[[package]]
name = "pytest"
version = "9.0.2"
source = { registry = "https://pypi.org/simple" }
dependencies = [
    { name = "colorama", marker = "sys_platform == 'win32'" },
    { name = "iniconfig" },
    { name = "packaging" },
    { name = "pluggy" },
    { name = "pygments" },
]
sdist = { url = "https://files.pythonhosted.org/packages/d1/db/7ef3487e0fb0049ddb5ce41d3a49c235bf9ad299b6a25d5780a89f19230f/pytest-9.0.2.tar.gz", hash = "sha256:75186651a92bd89611d1d9fc20f0b4345fd827c41ccd5c299a868a05d70edf11", size = 1568901, upload-time = "2025-12-06T21:30:51.014Z" }
wheels = [
    { url = "https://files.pythonhosted.org/packages/3b/ab/b3226f0bd7cdcf710fbede2b3548584366da3b19b5021e74f5bde2a8fa3f/pytest-9.0.2-py3-none-any.whl", hash = "sha256:711ffd45bf766d5264d487b917733b453d917afd2b0ad65223959f59089f875b", size = 374801, upload-time = "2025-12-06T21:30:49.154Z" },
]

[[package]]
name = "pytest-cov"
version = "7.0.0"
source = { registry = "https://pypi.org/simple" }
dependencies = [
    { name = "coverage" },
    { name = "pluggy" },
    { name = "pytest" },
]
sdist = { url = "https://files.pythonhosted.org/packages/5e/f7/c933acc76f5208b3b00089573cf6a2bc26dc80a8aece8f52bb7d6b1855ca/pytest_cov-7.0.0.tar.gz", hash = "sha256:33c97eda2e049a0c5298e91f519302a1334c26ac65c1a483d6206fd458361af1", size = 54328, upload-time = "2025-09-09T10:57:02.113Z" }
wheels = [
    { url = "https://files.pythonhosted.org/packages/ee/49/1377b49de7d0c1ce41292161ea0f721913fa8722c19fb9c1e3aa0367eecb/pytest_cov-7.0.0-py3-none-any.whl", hash = "sha256:3b8e9558b16cc1479da72058bdecf8073661c7f57f7d3c5f22a1c23507f2d861", size = 22424, upload-time = "2025-09-09T10:57:00.695Z" },
]

[[package]]
name = "respx"
version = "0.22.0"
source = { registry = "https://pypi.org/simple" }
dependencies = [
    { name = "httpx" },
]
sdist = { url = "https://files.pythonhosted.org/packages/f4/7c/96bd0bc759cf009675ad1ee1f96535edcb11e9666b985717eb8c87192a95/respx-0.22.0.tar.gz", hash = "sha256:3c8924caa2a50bd71aefc07aa812f2466ff489f1848c96e954a5362d17095d91", size = 28439, upload-time = "2024-12-19T22:33:59.374Z" }
wheels = [
    { url = "https://files.pythonhosted.org/packages/8e/67/afbb0978d5399bc9ea200f1d4489a23c9a1dad4eee6376242b8182389c79/respx-0.22.0-py2.py3-none-any.whl", hash = "sha256:631128d4c9aba15e56903fb5f66fb1eff412ce28dd387ca3a81339e52dbd3ad0", size = 25127, upload-time = "2024-12-19T22:33:57.837Z" },
]

[[package]]
name = "rich"
version = "14.3.3"
source = { registry = "https://pypi.org/simple" }
dependencies = [
    { name = "markdown-it-py" },
    { name = "pygments" },
]
sdist = { url = "https://files.pythonhosted.org/packages/b3/c6/f3b320c27991c46f43ee9d856302c70dc2d0fb2dba4842ff739d5f46b393/rich-14.3.3.tar.gz", hash = "sha256:b8daa0b9e4eef54dd8cf7c86c03713f53241884e814f4e2f5fb342fe520f639b", size = 230582, upload-time = "2026-02-19T17:23:12.474Z" }
wheels = [
    { url = "https://files.pythonhosted.org/packages/14/25/b208c5683343959b670dc001595f2f3737e051da617f66c31f7c4fa93abc/rich-14.3.3-py3-none-any.whl", hash = "sha256:793431c1f8619afa7d3b52b2cdec859562b950ea0d4b6b505397612db8d5362d", size = 310458, upload-time = "2026-02-19T17:23:13.732Z" },
]

[[package]]
name = "ruff"
version = "0.15.7"
source = { registry = "https://pypi.org/simple" }
sdist = { url = "https://files.pythonhosted.org/packages/a1/22/9e4f66ee588588dc6c9af6a994e12d26e19efbe874d1a909d09a6dac7a59/ruff-0.15.7.tar.gz", hash = "sha256:04f1ae61fc20fe0b148617c324d9d009b5f63412c0b16474f3d5f1a1a665f7ac", size = 4601277, upload-time = "2026-03-19T16:26:22.605Z" }
wheels = [
    { url = "https://files.pythonhosted.org/packages/41/2f/0b08ced94412af091807b6119ca03755d651d3d93a242682bf020189db94/ruff-0.15.7-py3-none-linux_armv6l.whl", hash = "sha256:a81cc5b6910fb7dfc7c32d20652e50fa05963f6e13ead3c5915c41ac5d16668e", size = 10489037, upload-time = "2026-03-19T16:26:32.47Z" },
    { url = "https://files.pythonhosted.org/packages/91/4a/82e0fa632e5c8b1eba5ee86ecd929e8ff327bbdbfb3c6ac5d81631bef605/ruff-0.15.7-py3-none-macosx_10_12_x86_64.whl", hash = "sha256:722d165bd52403f3bdabc0ce9e41fc47070ac56d7a91b4e0d097b516a53a3477", size = 10955433, upload-time = "2026-03-19T16:27:00.205Z" },
    { url = "https://files.pythonhosted.org/packages/ab/10/12586735d0ff42526ad78c049bf51d7428618c8b5c467e72508c694119df/ruff-0.15.7-py3-none-macosx_11_0_arm64.whl", hash = "sha256:7fbc2448094262552146cbe1b9643a92f66559d3761f1ad0656d4991491af49e", size = 10269302, upload-time = "2026-03-19T16:26:26.183Z" },
    { url = "https://files.pythonhosted.org/packages/eb/5d/32b5c44ccf149a26623671df49cbfbd0a0ae511ff3df9d9d2426966a8d57/ruff-0.15.7-py3-none-manylinux_2_17_aarch64.manylinux2014_aarch64.whl", hash = "sha256:6b39329b60eba44156d138275323cc726bbfbddcec3063da57caa8a8b1d50adf", size = 10607625, upload-time = "2026-03-19T16:27:03.263Z" },
    { url = "https://files.pythonhosted.org/packages/5d/f1/f0001cabe86173aaacb6eb9bb734aa0605f9a6aa6fa7d43cb49cbc4af9c9/ruff-0.15.7-py3-none-manylinux_2_17_armv7l.manylinux2014_armv7l.whl", hash = "sha256:87768c151808505f2bfc93ae44e5f9e7c8518943e5074f76ac21558ef5627c85", size = 10324743, upload-time = "2026-03-19T16:27:09.791Z" },
    { url = "https://files.pythonhosted.org/packages/7a/87/b8a8f3d56b8d848008559e7c9d8bf367934d5367f6d932ba779456e2f73b/ruff-0.15.7-py3-none-manylinux_2_17_i686.manylinux2014_i686.whl", hash = "sha256:fb0511670002c6c529ec66c0e30641c976c8963de26a113f3a30456b702468b0", size = 11138536, upload-time = "2026-03-19T16:27:06.101Z" },
    { url = "https://files.pythonhosted.org/packages/e4/f2/4fd0d05aab0c5934b2e1464784f85ba2eab9d54bffc53fb5430d1ed8b829/ruff-0.15.7-py3-none-manylinux_2_17_ppc64le.manylinux2014_ppc64le.whl", hash = "sha256:e0d19644f801849229db8345180a71bee5407b429dd217f853ec515e968a6912", size = 11994292, upload-time = "2026-03-19T16:26:48.718Z" },
    { url = "https://files.pythonhosted.org/packages/64/22/fc4483871e767e5e95d1622ad83dad5ebb830f762ed0420fde7dfa9d9b08/ruff-0.15.7-py3-none-manylinux_2_17_s390x.manylinux2014_s390x.whl", hash = "sha256:4806d8e09ef5e84eb19ba833d0442f7e300b23fe3f0981cae159a248a10f0036", size = 11398981, upload-time = "2026-03-19T16:26:54.513Z" },
    { url = "https://files.pythonhosted.org/packages/b0/99/66f0343176d5eab02c3f7fcd2de7a8e0dd7a41f0d982bee56cd1c24db62b/ruff-0.15.7-py3-none-manylinux_2_17_x86_64.manylinux2014_x86_64.whl", hash = "sha256:dce0896488562f09a27b9c91b1f58a097457143931f3c4d519690dea54e624c5", size = 11242422, upload-time = "2026-03-19T16:26:29.277Z" },
    { url = "https://files.pythonhosted.org/packages/5d/3a/a7060f145bfdcce4c987ea27788b30c60e2c81d6e9a65157ca8afe646328/ruff-0.15.7-py3-none-manylinux_2_31_riscv64.whl", hash = "sha256:1852ce241d2bc89e5dc823e03cff4ce73d816b5c6cdadd27dbfe7b03217d2a12", size = 11232158, upload-time = "2026-03-19T16:26:42.321Z" },
    { url = "https://files.pythonhosted.org/packages/a7/53/90fbb9e08b29c048c403558d3cdd0adf2668b02ce9d50602452e187cd4af/ruff-0.15.7-py3-none-musllinux_1_2_aarch64.whl", hash = "sha256:5f3e4b221fb4bd293f79912fc5e93a9063ebd6d0dcbd528f91b89172a9b8436c", size = 10577861, upload-time = "2026-03-19T16:26:57.459Z" },
    { url = "https://files.pythonhosted.org/packages/2f/aa/5f486226538fe4d0f0439e2da1716e1acf895e2a232b26f2459c55f8ddad/ruff-0.15.7-py3-none-musllinux_1_2_armv7l.whl", hash = "sha256:b15e48602c9c1d9bdc504b472e90b90c97dc7d46c7028011ae67f3861ceba7b4", size = 10327310, upload-time = "2026-03-19T16:26:35.909Z" },
    { url = "https://files.pythonhosted.org/packages/99/9e/271afdffb81fe7bfc8c43ba079e9d96238f674380099457a74ccb3863857/ruff-0.15.7-py3-none-musllinux_1_2_i686.whl", hash = "sha256:1b4705e0e85cedc74b0a23cf6a179dbb3df184cb227761979cc76c0440b5ab0d", size = 10840752, upload-time = "2026-03-19T16:26:45.723Z" },
    { url = "https://files.pythonhosted.org/packages/bf/29/a4ae78394f76c7759953c47884eb44de271b03a66634148d9f7d11e721bd/ruff-0.15.7-py3-none-musllinux_1_2_x86_64.whl", hash = "sha256:112c1fa316a558bb34319282c1200a8bf0495f1b735aeb78bfcb2991e6087580", size = 11336961, upload-time = "2026-03-19T16:26:39.076Z" },
    { url = "https://files.pythonhosted.org/packages/26/6b/8786ba5736562220d588a2f6653e6c17e90c59ced34a2d7b512ef8956103/ruff-0.15.7-py3-none-win32.whl", hash = "sha256:6d39e2d3505b082323352f733599f28169d12e891f7dd407f2d4f54b4c2886de", size = 10582538, upload-time = "2026-03-19T16:26:15.992Z" },
    { url = "https://files.pythonhosted.org/packages/2b/e9/346d4d3fffc6871125e877dae8d9a1966b254fbd92a50f8561078b88b099/ruff-0.15.7-py3-none-win_amd64.whl", hash = "sha256:4d53d712ddebcd7dace1bc395367aec12c057aacfe9adbb6d832302575f4d3a1", size = 11755839, upload-time = "2026-03-19T16:26:19.897Z" },
    { url = "https://files.pythonhosted.org/packages/8f/e8/726643a3ea68c727da31570bde48c7a10f1aa60eddd628d94078fec586ff/ruff-0.15.7-py3-none-win_arm64.whl", hash = "sha256:18e8d73f1c3fdf27931497972250340f92e8c861722161a9caeb89a58ead6ed2", size = 11023304, upload-time = "2026-03-19T16:26:51.669Z" },
]

[[package]]
name = "shellingham"
version = "1.5.4"
source = { registry = "https://pypi.org/simple" }
sdist = { url = "https://files.pythonhosted.org/packages/58/15/8b3609fd3830ef7b27b655beb4b4e9c62313a4e8da8c676e142cc210d58e/shellingham-1.5.4.tar.gz", hash = "sha256:8dbca0739d487e5bd35ab3ca4b36e11c4078f3a234bfce294b0a0291363404de", size = 10310, upload-time = "2023-10-24T04:13:40.426Z" }
wheels = [
    { url = "https://files.pythonhosted.org/packages/e0/f9/0595336914c5619e5f28a1fb793285925a8cd4b432c9da0a987836c7f822/shellingham-1.5.4-py2.py3-none-any.whl", hash = "sha256:7ecfff8f2fd72616f7481040475a65b2bf8af90a56c89140852d1120324e8686", size = 9755, upload-time = "2023-10-24T04:13:38.866Z" },
]

[[package]]
name = "sortedcontainers"
version = "2.4.0"
source = { registry = "https://pypi.org/simple" }
sdist = { url = "https://files.pythonhosted.org/packages/e8/c4/ba2f8066cceb6f23394729afe52f3bf7adec04bf9ed2c820b39e19299111/sortedcontainers-2.4.0.tar.gz", hash = "sha256:25caa5a06cc30b6b83d11423433f65d1f9d76c4c6a0c90e3379eaa43b9bfdb88", size = 30594, upload-time = "2021-05-16T22:03:42.897Z" }
wheels = [
    { url = "https://files.pythonhosted.org/packages/32/46/9cb0e58b2deb7f82b84065f37f3bffeb12413f947f9388e4cac22c4621ce/sortedcontainers-2.4.0-py2.py3-none-any.whl", hash = "sha256:a163dcaede0f1c021485e957a39245190e74249897e2ae4b2aa38595db237ee0", size = 29575, upload-time = "2021-05-16T22:03:41.177Z" },
]

[[package]]
name = "typer"
version = "0.21.0"
source = { registry = "https://pypi.org/simple" }
dependencies = [
    { name = "click" },
    { name = "rich" },
    { name = "shellingham" },
    { name = "typing-extensions" },
]
sdist = { url = "https://files.pythonhosted.org/packages/85/30/ff9ede605e3bd086b4dd842499814e128500621f7951ca1e5ce84bbf61b1/typer-0.21.0.tar.gz", hash = "sha256:c87c0d2b6eee3b49c5c64649ec92425492c14488096dfbc8a0c2799b2f6f9c53", size = 106781, upload-time = "2025-12-25T09:54:53.651Z" }
wheels = [
    { url = "https://files.pythonhosted.org/packages/e1/e4/5ebc1899d31d2b1601b32d21cfb4bba022ae6fce323d365f0448031b1660/typer-0.21.0-py3-none-any.whl", hash = "sha256:c79c01ca6b30af9fd48284058a7056ba0d3bf5cf10d0ff3d0c5b11b68c258ac6", size = 47109, upload-time = "2025-12-25T09:54:51.918Z" },
]

[[package]]
name = "typing-extensions"
version = "4.16.0"
source = { registry = "https://pypi.org/simple" }
sdist = { url = "https://files.pythonhosted.org/packages/f6/cc/6253133b5bb138fc3306cebfbda2c520f545d36b5be2c7255cc528bb45d6/typing_extensions-4.16.0.tar.gz", hash = "sha256:dc983d19a509c94dba722ee6abd33940f7c05a89e243c47e907eb4db6f1a43e5", size = 113555, upload-time = "2026-07-02T08:40:05.92Z" }
wheels = [
    { url = "https://files.pythonhosted.org/packages/49/d3/b8441a820a491ddfc024b0b0cf0393375b75ea13866d9c66727e54c2fc80/typing_extensions-4.16.0-py3-none-any.whl", hash = "sha256:481caa481374e813c1b176ada14e97f1f67a4539ce9cfeb3f350d78d6370c2e8", size = 45571, upload-time = "2026-07-02T08:40:04.659Z" },
]

[[package]]
name = "typing-inspection"
version = "0.4.2"
source = { registry = "https://pypi.org/simple" }
dependencies = [
    { name = "typing-extensions" },
]
sdist = { url = "https://files.pythonhosted.org/packages/55/e3/70399cb7dd41c10ac53367ae42139cf4b1ca5f36bb3dc6c9d33acdb43655/typing_inspection-0.4.2.tar.gz", hash = "sha256:ba561c48a67c5958007083d386c3295464928b01faa735ab8547c5692e87f464", size = 75949, upload-time = "2025-10-01T02:14:41.687Z" }
wheels = [
    { url = "https://files.pythonhosted.org/packages/dc/9b/47798a6c91d8bdb567fe2698fe81e0c6b7cb7ef4d13da4114b41d239f65d/typing_inspection-0.4.2-py3-none-any.whl", hash = "sha256:4ed1cacbdc298c220f1bd249ed5287caa16f34d44ef4e9c3d0cbad5b521545e7", size = 14611, upload-time = "2025-10-01T02:14:40.154Z" },
]
